
Microsoft Visual Studio Solution File, Format Version 12.00
# Visual Studio Version 17
VisualStudioVersion = 17.0.32112.339
MinimumVisualStudioVersion = 10.0.40219.1
Project("{FAE04EC0-301F-11D3-BF4B-00C04F79EFBC}") = "MoveShape", "MoveShape\MoveShape.csproj", "{EAE2F259-43C9-40AA-8C8C-2B570D0DB989}"
EndProject
Global
	GlobalSection(SolutionConfigurationPlatforms) = preSolution
		Debug|Any CPU = Debug|Any CPU
		Release|Any CPU = Release|Any CPU
	EndGlobalSection
	GlobalSection(ProjectConfigurationPlatforms) = postSolution
		{EAE2F259-43C9-40AA-8C8C-2B570D0DB989}.Debug|Any CPU.ActiveCfg = Debug|Any CPU
		{EAE2F259-43C9-40AA-8C8C-2B570D0DB989}.Debug|Any CPU.Build.0 = Debug|Any CPU
		{EAE2F259-43C9-40AA-8C8C-2B570D0DB989}.Release|Any CPU.ActiveCfg = Release|Any CPU
		{EAE2F259-43C9-40AA-8C8C-2B570D0DB989}.Release|Any CPU.Build.0 = Release|Any CPU
	EndGlobalSection
	GlobalSection(SolutionProperties) = preSolution
		HideSolutionNode = FALSE
	EndGlobalSection
	GlobalSection(ExtensibilityGlobals) = postSolution
		SolutionGuid = {97655F60-5604-4B6C-95BC-A1401B947DB6}
	EndGlobalSection
EndGlobal
